
Microsoft Visual Studio Solution File, Format Version 12.00
# Visual Studio Version 16
VisualStudioVersion = 16.0.31019.35
MinimumVisualStudioVersion = 10.0.40219.1
Project("{FAE04EC0-301F-11D3-BF4B-00C04F79EFBC}") = "graphQL", "graphQL\graphQL.csproj", "{8AD8CB50-14D0-4614-BC1A-25A00B2EBB6C}"
EndProject
Global
	GlobalSection(SolutionConfigurationPlatforms) = preSolution
		Debug|Any CPU = Debug|Any CPU
		Release|Any CPU = Release|Any CPU
	EndGlobalSection
	GlobalSection(ProjectConfigurationPlatforms) = postSolution
		{8AD8CB50-14D0-4614-BC1A-25A00B2EBB6C}.Debug|Any CPU.ActiveCfg = Debug|Any CPU
		{8AD8CB50-14D0-4614-BC1A-25A00B2EBB6C}.Debug|Any CPU.Build.0 = Debug|Any CPU
		{8AD8CB50-14D0-4614-BC1A-25A00B2EBB6C}.Release|Any CPU.ActiveCfg = Release|Any CPU
		{8AD8CB50-14D0-4614-BC1A-25A00B2EBB6C}.Release|Any CPU.Build.0 = Release|Any CPU
	EndGlobalSection
	GlobalSection(SolutionProperties) = preSolution
		HideSolutionNode = FALSE
	EndGlobalSection
	GlobalSection(ExtensibilityGlobals) = postSolution
		SolutionGuid = {BDD6F408-5D00-4CBD-828F-508E1D5AC347}
	EndGlobalSection
EndGlobal
