
Microsoft Visual Studio Solution File, Format Version 12.00
# Visual Studio Version 16
VisualStudioVersion = 16.0.31105.61
MinimumVisualStudioVersion = 10.0.40219.1
Project("{9A19103F-16F7-4668-BE54-9A1E7A4F7556}") = "testing", "testing\testing.csproj", "{15D06CCD-844A-49B3-B31C-CB769031A31E}"
EndProject
Project("{FAE04EC0-301F-11D3-BF4B-00C04F79EFBC}") = "rankClient", "graphClient\rankClient.csproj", "{C080414F-1E8F-430E-A5F3-AA9A7C918F15}"
EndProject
Global
	GlobalSection(SolutionConfigurationPlatforms) = preSolution
		Debug|Any CPU = Debug|Any CPU
		Release|Any CPU = Release|Any CPU
	EndGlobalSection
	GlobalSection(ProjectConfigurationPlatforms) = postSolution
		{15D06CCD-844A-49B3-B31C-CB769031A31E}.Debug|Any CPU.ActiveCfg = Debug|Any CPU
		{15D06CCD-844A-49B3-B31C-CB769031A31E}.Debug|Any CPU.Build.0 = Debug|Any CPU
		{15D06CCD-844A-49B3-B31C-CB769031A31E}.Release|Any CPU.ActiveCfg = Release|Any CPU
		{15D06CCD-844A-49B3-B31C-CB769031A31E}.Release|Any CPU.Build.0 = Release|Any CPU
		{C080414F-1E8F-430E-A5F3-AA9A7C918F15}.Debug|Any CPU.ActiveCfg = Debug|Any CPU
		{C080414F-1E8F-430E-A5F3-AA9A7C918F15}.Debug|Any CPU.Build.0 = Debug|Any CPU
		{C080414F-1E8F-430E-A5F3-AA9A7C918F15}.Release|Any CPU.ActiveCfg = Release|Any CPU
		{C080414F-1E8F-430E-A5F3-AA9A7C918F15}.Release|Any CPU.Build.0 = Release|Any CPU
	EndGlobalSection
	GlobalSection(SolutionProperties) = preSolution
		HideSolutionNode = FALSE
	EndGlobalSection
	GlobalSection(ExtensibilityGlobals) = postSolution
		SolutionGuid = {7B234570-A76B-4CF8-858C-7E7D5C12AB85}
	EndGlobalSection
EndGlobal
